
Microsoft Visual Studio Solution File, Format Version 12.00
# Visual Studio Version 16
VisualStudioVersion = 16.0.32126.315
MinimumVisualStudioVersion = 10.0.40219.1
Project("{FAE04EC0-301F-11D3-BF4B-00C04F79EFBC}") = "Ex03._02._06", "Ex03._02._06.csproj", "{D67425A2-8CC8-44C6-A800-00A36A99B789}"
EndProject
Global
	GlobalSection(SolutionConfigurationPlatforms) = preSolution
		Debug|Any CPU = Debug|Any CPU
		Release|Any CPU = Release|Any CPU
	EndGlobalSection
	GlobalSection(ProjectConfigurationPlatforms) = postSolution
		{D67425A2-8CC8-44C6-A800-00A36A99B789}.Debug|Any CPU.ActiveCfg = Debug|Any CPU
		{D67425A2-8CC8-44C6-A800-00A36A99B789}.Debug|Any CPU.Build.0 = Debug|Any CPU
		{D67425A2-8CC8-44C6-A800-00A36A99B789}.Release|Any CPU.ActiveCfg = Release|Any CPU
		{D67425A2-8CC8-44C6-A800-00A36A99B789}.Release|Any CPU.Build.0 = Release|Any CPU
	EndGlobalSection
	GlobalSection(SolutionProperties) = preSolution
		HideSolutionNode = FALSE
	EndGlobalSection
	GlobalSection(ExtensibilityGlobals) = postSolution
		SolutionGuid = {99B4503C-4ED1-4E81-8489-CA004F109DEE}
	EndGlobalSection
EndGlobal
